<Solution>
  <Folder Name="/src/">
    <Project Path="src/Reservations.Api/Reservations.Api.csproj" />
    <Project Path="src/Reservations.Application/Reservations.Application.csproj" />
    <Project Path="src/Reservations.Domain/Reservations.Domain.csproj" />
    <Project Path="src/Reservations.Infrastructure/Reservations.Infrastructure.csproj" />
  </Folder>
  <Folder Name="/tests/">
    <Project Path="tests/Reservations.UnitTests/Reservations.UnitTests.csproj" />
  </Folder>
</Solution>
